{
    "_readme": [
        "This file locks the dependencies of your project to a known state",
        "Read more about it at https://getcomposer.org/doc/01-basic-usage.md#installing-dependencies",
        "This file is @generated automatically"
    ],
    "content-hash": "2a02263444182bfa89c8b6c1b186053c",
    "packages": [
        {
            "name": "abraia/abraia",
            "version": "0.4.3",
            "source": {
                "type": "git",
                "url": "https://github.com/abraia/abraia-php.git",
                "reference": "e1d4bf4a61b8ded5b7d1e6468528aeb03fab1f2d"
            },
            "dist": {
                "type": "zip",
                "url": "https://api.github.com/repos/abraia/abraia-php/zipball/e1d4bf4a61b8ded5b7d1e6468528aeb03fab1f2d",
                "reference": "e1d4bf4a61b8ded5b7d1e6468528aeb03fab1f2d",
                "shasum": ""
            },
            "require": {
                "ext-curl": "*",
                "ext-json": "*",
                "php": ">=5.6.0"
            },
            "require-dev": {
                "php-coveralls/php-coveralls": "^2.1",
                "phpunit/phpunit": "^5"
            },
            "type": "library",
            "autoload": {
                "psr-4": {
                    "Abraia\\": "abraia/"
                }
            },
            "notification-url": "https://packagist.org/downloads/",
            "license": [
                "MIT"
            ],
            "authors": [
                {
                    "name": "Jorge Rodriguez Araujo",
                    "email": "jorge@abraiasoftware.com"
                }
            ],
            "description": "Abraia PHP SDK",
            "homepage": "https://github.com/abraia/abraia-php#readme",
            "keywords": [
                "abraia-api",
                "image-compression",
                "image-optimization",
                "image-processing",
                "php"
            ],
            "time": "2019-03-11T17:20:18+00:00"
        }
    ],
    "packages-dev": [],
    "aliases": [],
    "minimum-stability": "stable",
    "stability-flags": [],
    "prefer-stable": false,
    "prefer-lowest": false,
    "platform": [],
    "platform-dev": []
}
