{
    "_readme": [
        "This file locks the dependencies of your project to a known state",
        "Read more about it at https://getcomposer.org/doc/01-basic-usage.md#composer-lock-the-lock-file",
        "This file is @generated automatically"
    ],
    "content-hash": "c0ee0a2d7e3fd06f2052f104f25a04cf",
    "packages": [
        {
            "name": "abraia/abraia",
            "version": "0.2.5",
            "source": {
                "type": "git",
                "url": "https://github.com/abraia/abraia-php.git",
                "reference": "fd83b8f69370c4ec5c1b8d14cabe9931a1e360aa"
            },
            "dist": {
                "type": "zip",
                "url": "https://api.github.com/repos/abraia/abraia-php/zipball/fd83b8f69370c4ec5c1b8d14cabe9931a1e360aa",
                "reference": "fd83b8f69370c4ec5c1b8d14cabe9931a1e360aa",
                "shasum": ""
            },
            "require": {
                "ext-curl": "*",
                "ext-json": "*",
                "php": ">=5.6.0"
            },
            "require-dev": {
                "phpunit/phpunit": "^5"
            },
            "type": "library",
            "autoload": {
                "psr-4": {
                    "Abraia\\": "abraia/"
                }
            },
            "notification-url": "https://packagist.org/downloads/",
            "license": [
                "MIT"
            ],
            "authors": [
                {
                    "name": "Jorge Rodriguez Araujo",
                    "email": "jorge@abraiasoftware.com"
                }
            ],
            "description": "Abraia PHP SDK",
            "homepage": "https://github.com/abraia/abraia-php#readme",
            "keywords": [
                "abraia-api",
                "image-compression",
                "image-optimization",
                "image-processing",
                "php"
            ],
            "time": "2018-12-01T19:16:57+00:00"
        }
    ],
    "packages-dev": [],
    "aliases": [],
    "minimum-stability": "stable",
    "stability-flags": [],
    "prefer-stable": false,
    "prefer-lowest": false,
    "platform": [],
    "platform-dev": []
}
